
Microsoft Visual Studio Solution File, Format Version 12.00
# Visual Studio 15
Project("{FAE04EC0-301F-11D3-BF4B-00C04F79EFBC}") = "XamarinDarkMode.Android", "XamarinDarkMode.Android\XamarinDarkMode.Android.csproj", "{369B3003-EB52-4616-BCF5-1EAA087A7A1D}"
EndProject
Project("{FAE04EC0-301F-11D3-BF4B-00C04F79EFBC}") = "XamarinDarkMode.iOS", "XamarinDarkMode.iOS\XamarinDarkMode.iOS.csproj", "{B1611CD4-51C0-4F33-8E5B-E925158A0C35}"
EndProject
Project("{FAE04EC0-301F-11D3-BF4B-00C04F79EFBC}") = "XamarinDarkMode", "XamarinDarkMode\XamarinDarkMode.csproj", "{7DFCFD17-A635-48B1-9012-C7614F743047}"
EndProject
Global
	GlobalSection(SolutionConfigurationPlatforms) = preSolution
		Debug|Any CPU = Debug|Any CPU
		Release|Any CPU = Release|Any CPU
		Debug|iPhoneSimulator = Debug|iPhoneSimulator
		Release|iPhoneSimulator = Release|iPhoneSimulator
		Debug|iPhone = Debug|iPhone
		Release|iPhone = Release|iPhone
	EndGlobalSection
	GlobalSection(ProjectConfigurationPlatforms) = postSolution
		{369B3003-EB52-4616-BCF5-1EAA087A7A1D}.Debug|Any CPU.ActiveCfg = Debug|Any CPU
		{369B3003-EB52-4616-BCF5-1EAA087A7A1D}.Debug|Any CPU.Build.0 = Debug|Any CPU
		{369B3003-EB52-4616-BCF5-1EAA087A7A1D}.Release|Any CPU.ActiveCfg = Release|Any CPU
		{369B3003-EB52-4616-BCF5-1EAA087A7A1D}.Release|Any CPU.Build.0 = Release|Any CPU
		{369B3003-EB52-4616-BCF5-1EAA087A7A1D}.Debug|iPhoneSimulator.ActiveCfg = Debug|Any CPU
		{369B3003-EB52-4616-BCF5-1EAA087A7A1D}.Debug|iPhoneSimulator.Build.0 = Debug|Any CPU
		{369B3003-EB52-4616-BCF5-1EAA087A7A1D}.Release|iPhoneSimulator.ActiveCfg = Release|Any CPU
		{369B3003-EB52-4616-BCF5-1EAA087A7A1D}.Release|iPhoneSimulator.Build.0 = Release|Any CPU
		{369B3003-EB52-4616-BCF5-1EAA087A7A1D}.Debug|iPhone.ActiveCfg = Debug|Any CPU
		{369B3003-EB52-4616-BCF5-1EAA087A7A1D}.Debug|iPhone.Build.0 = Debug|Any CPU
		{369B3003-EB52-4616-BCF5-1EAA087A7A1D}.Release|iPhone.ActiveCfg = Release|Any CPU
		{369B3003-EB52-4616-BCF5-1EAA087A7A1D}.Release|iPhone.Build.0 = Release|Any CPU
		{B1611CD4-51C0-4F33-8E5B-E925158A0C35}.Debug|Any CPU.ActiveCfg = Debug|iPhoneSimulator
		{B1611CD4-51C0-4F33-8E5B-E925158A0C35}.Debug|Any CPU.Build.0 = Debug|iPhoneSimulator
		{B1611CD4-51C0-4F33-8E5B-E925158A0C35}.Release|Any CPU.ActiveCfg = Release|iPhoneSimulator
		{B1611CD4-51C0-4F33-8E5B-E925158A0C35}.Release|Any CPU.Build.0 = Release|iPhoneSimulator
		{B1611CD4-51C0-4F33-8E5B-E925158A0C35}.Debug|iPhoneSimulator.ActiveCfg = Debug|iPhoneSimulator
		{B1611CD4-51C0-4F33-8E5B-E925158A0C35}.Debug|iPhoneSimulator.Build.0 = Debug|iPhoneSimulator
		{B1611CD4-51C0-4F33-8E5B-E925158A0C35}.Release|iPhoneSimulator.ActiveCfg = Release|iPhoneSimulator
		{B1611CD4-51C0-4F33-8E5B-E925158A0C35}.Release|iPhoneSimulator.Build.0 = Release|iPhoneSimulator
		{B1611CD4-51C0-4F33-8E5B-E925158A0C35}.Debug|iPhone.ActiveCfg = Debug|iPhone
		{B1611CD4-51C0-4F33-8E5B-E925158A0C35}.Debug|iPhone.Build.0 = Debug|iPhone
		{B1611CD4-51C0-4F33-8E5B-E925158A0C35}.Release|iPhone.ActiveCfg = Release|iPhone
		{B1611CD4-51C0-4F33-8E5B-E925158A0C35}.Release|iPhone.Build.0 = Release|iPhone
		{7DFCFD17-A635-48B1-9012-C7614F743047}.Debug|Any CPU.ActiveCfg = Debug|Any CPU
		{7DFCFD17-A635-48B1-9012-C7614F743047}.Debug|Any CPU.Build.0 = Debug|Any CPU
		{7DFCFD17-A635-48B1-9012-C7614F743047}.Release|Any CPU.ActiveCfg = Release|Any CPU
		{7DFCFD17-A635-48B1-9012-C7614F743047}.Release|Any CPU.Build.0 = Release|Any CPU
		{7DFCFD17-A635-48B1-9012-C7614F743047}.Debug|iPhoneSimulator.ActiveCfg = Debug|Any CPU
		{7DFCFD17-A635-48B1-9012-C7614F743047}.Debug|iPhoneSimulator.Build.0 = Debug|Any CPU
		{7DFCFD17-A635-48B1-9012-C7614F743047}.Release|iPhoneSimulator.ActiveCfg = Release|Any CPU
		{7DFCFD17-A635-48B1-9012-C7614F743047}.Release|iPhoneSimulator.Build.0 = Release|Any CPU
		{7DFCFD17-A635-48B1-9012-C7614F743047}.Debug|iPhone.ActiveCfg = Debug|Any CPU
		{7DFCFD17-A635-48B1-9012-C7614F743047}.Debug|iPhone.Build.0 = Debug|Any CPU
		{7DFCFD17-A635-48B1-9012-C7614F743047}.Release|iPhone.ActiveCfg = Release|Any CPU
		{7DFCFD17-A635-48B1-9012-C7614F743047}.Release|iPhone.Build.0 = Release|Any CPU
	EndGlobalSection
EndGlobal
